
Microsoft Visual Studio Solution File, Format Version 12.00
# Visual Studio Version 16
VisualStudioVersion = 16.0.29230.47
MinimumVisualStudioVersion = 10.0.40219.1
Project("{FAE04EC0-301F-11D3-BF4B-00C04F79EFBC}") = "ООП6", "ООП6.csproj", "{E11CB9F4-F56C-4F48-9583-999F2E4639E9}"
EndProject
Global
	GlobalSection(SolutionConfigurationPlatforms) = preSolution
		Debug|Any CPU = Debug|Any CPU
		Release|Any CPU = Release|Any CPU
	EndGlobalSection
	GlobalSection(ProjectConfigurationPlatforms) = postSolution
		{E11CB9F4-F56C-4F48-9583-999F2E4639E9}.Debug|Any CPU.ActiveCfg = Debug|Any CPU
		{E11CB9F4-F56C-4F48-9583-999F2E4639E9}.Debug|Any CPU.Build.0 = Debug|Any CPU
		{E11CB9F4-F56C-4F48-9583-999F2E4639E9}.Release|Any CPU.ActiveCfg = Release|Any CPU
		{E11CB9F4-F56C-4F48-9583-999F2E4639E9}.Release|Any CPU.Build.0 = Release|Any CPU
	EndGlobalSection
	GlobalSection(SolutionProperties) = preSolution
		HideSolutionNode = FALSE
	EndGlobalSection
	GlobalSection(ExtensibilityGlobals) = postSolution
		SolutionGuid = {4140DCEB-D1CC-467F-980D-A1E322A13906}
	EndGlobalSection
EndGlobal
